// !$*UTF8*$!
{
	archiveVersion = 1;
	classes = {
	};
	objectVersion = 55;
	objects = {

/* Begin PBXBuildFile section */
		C9DF70832892E4C00030DE20 /* AppDelegate.swift in Sources */ = {isa = PBXBuildFile; fileRef = C9DF70822892E4C00030DE20 /* AppDelegate.swift */; };
		C9DF70852892E4C00030DE20 /* SceneDelegate.swift in Sources */ = {isa = PBXBuildFile; fileRef = C9DF70842892E4C00030DE20 /* SceneDelegate.swift */; };
		C9DF70872892E4C00030DE20 /* ViewController.swift in Sources */ = {isa = PBXBuildFile; fileRef = C9DF70862892E4C00030DE20 /* ViewController.swift */; };
		C9DF708A2892E4C00030DE20 /* Main.storyboard in Resources */ = {isa = PBXBuildFile; fileRef = C9DF70882892E4C00030DE20 /* Main.storyboard */; };
		C9DF708C2892E4C10030DE20 /* Assets.xcassets in Resources */ = {isa = PBXBuildFile; fileRef = C9DF708B2892E4C10030DE20 /* Assets.xcassets */; };
		C9DF708F2892E4C10030DE20 /* LaunchScreen.storyboard in Resources */ = {isa = PBXBuildFile; fileRef = C9DF708D2892E4C10030DE20 /* LaunchScreen.storyboard */; };
		C9DF70992892E5580030DE20 /* Model.swift in Sources */ = {isa = PBXBuildFile; fileRef = C9DF70982892E5580030DE20 /* Model.swift */; };
		C9DF709B2892EA260030DE20 /* PriceReporter.swift in Sources */ = {isa = PBXBuildFile; fileRef = C9DF709A2892EA260030DE20 /* PriceReporter.swift */; };
		C9DF709D2892EC620030DE20 /* data.txt in Resources */ = {isa = PBXBuildFile; fileRef = C9DF709C2892EC620030DE20 /* data.txt */; };
/* End PBXBuildFile section */

/* Begin PBXFileReference section */
		C9DF707F2892E4C00030DE20 /* BCForward_DSW.app */ = {isa = PBXFileReference; explicitFileType = wrapper.application; includeInIndex = 0; path = BCForward_DSW.app; sourceTree = BUILT_PRODUCTS_DIR; };
		C9DF70822892E4C00030DE20 /* AppDelegate.swift */ = {isa = PBXFileReference; lastKnownFileType = sourcecode.swift; path = AppDelegate.swift; sourceTree = "<group>"; };
		C9DF70842892E4C00030DE20 /* SceneDelegate.swift */ = {isa = PBXFileReference; lastKnownFileType = sourcecode.swift; path = SceneDelegate.swift; sourceTree = "<group>"; };
		C9DF70862892E4C00030DE20 /* ViewController.swift */ = {isa = PBXFileReference; lastKnownFileType = sourcecode.swift; path = ViewController.swift; sourceTree = "<group>"; };
		C9DF70892892E4C00030DE20 /* Base */ = {isa = PBXFileReference; lastKnownFileType = file.storyboard; name = Base; path = Base.lproj/Main.storyboard; sourceTree = "<group>"; };
		C9DF708B2892E4C10030DE20 /* Assets.xcassets */ = {isa = PBXFileReference; lastKnownFileType = folder.assetcatalog; path = Assets.xcassets; sourceTree = "<group>"; };
		C9DF708E2892E4C10030DE20 /* Base */ = {isa = PBXFileReference; lastKnownFileType = file.storyboard; name = Base; path = Base.lproj/LaunchScreen.storyboard; sourceTree = "<group>"; };
		C9DF70902892E4C10030DE20 /* Info.plist */ = {isa = PBXFileReference; lastKnownFileType = text.plist.xml; path = Info.plist; sourceTree = "<group>"; };
		C9DF70982892E5580030DE20 /* Model.swift */ = {isa = PBXFileReference; lastKnownFileType = sourcecode.swift; path = Model.swift; sourceTree = "<group>"; };
		C9DF709A2892EA260030DE20 /* PriceReporter.swift */ = {isa = PBXFileReference; lastKnownFileType = sourcecode.swift; path = PriceReporter.swift; sourceTree = "<group>"; };
		C9DF709C2892EC620030DE20 /* data.txt */ = {isa = PBXFileReference; lastKnownFileType = text; path = data.txt; sourceTree = "<group>"; };
/* End PBXFileReference section */

/* Begin PBXFrameworksBuildPhase section */
		C9DF707C2892E4C00030DE20 /* Frameworks */ = {
			isa = PBXFrameworksBuildPhase;
			buildActionMask = 2147483647;
			files = (
			);
			runOnlyForDeploymentPostprocessing = 0;
		};
/* End PBXFrameworksBuildPhase section */

/* Begin PBXGroup section */
		C9DF70762892E4C00030DE20 = {
			isa = PBXGroup;
			children = (
				C9DF70812892E4C00030DE20 /* BCForward_DSW */,
				C9DF70802892E4C00030DE20 /* Products */,
			);
			sourceTree = "<group>";
		};
		C9DF70802892E4C00030DE20 /* Products */ = {
			isa = PBXGroup;
			children = (
				C9DF707F2892E4C00030DE20 /* BCForward_DSW.app */,
			);
			name = Products;
			sourceTree = "<group>";
		};
		C9DF70812892E4C00030DE20 /* BCForward_DSW */ = {
			isa = PBXGroup;
			children = (
				C9DF70822892E4C00030DE20 /* AppDelegate.swift */,
				C9DF70842892E4C00030DE20 /* SceneDelegate.swift */,
				C9DF70862892E4C00030DE20 /* ViewController.swift */,
				C9DF709A2892EA260030DE20 /* PriceReporter.swift */,
				C9DF70982892E5580030DE20 /* Model.swift */,
				C9DF70882892E4C00030DE20 /* Main.storyboard */,
				C9DF708B2892E4C10030DE20 /* Assets.xcassets */,
				C9DF708D2892E4C10030DE20 /* LaunchScreen.storyboard */,
				C9DF70902892E4C10030DE20 /* Info.plist */,
				C9DF709C2892EC620030DE20 /* data.txt */,
			);
			path = BCForward_DSW;
			sourceTree = "<group>";
		};
/* End PBXGroup section */

/* Begin PBXNativeTarget section */
		C9DF707E2892E4C00030DE20 /* BCForward_DSW */ = {
			isa = PBXNativeTarget;
			buildConfigurationList = C9DF70932892E4C10030DE20 /* Build configuration list for PBXNativeTarget "BCForward_DSW" */;
			buildPhases = (
				C9DF707B2892E4C00030DE20 /* Sources */,
				C9DF707C2892E4C00030DE20 /* Frameworks */,
				C9DF707D2892E4C00030DE20 /* Resources */,
			);
			buildRules = (
			);
			dependencies = (
			);
			name = BCForward_DSW;
			productName = BCForward_DSW;
			productReference = C9DF707F2892E4C00030DE20 /* BCForward_DSW.app */;
			productType = "com.apple.product-type.application";
		};
/* End PBXNativeTarget section */

/* Begin PBXProject section */
		C9DF70772892E4C00030DE20 /* Project object */ = {
			isa = PBXProject;
			attributes = {
				BuildIndependentTargetsInParallel = 1;
				LastSwiftUpdateCheck = 1320;
				LastUpgradeCheck = 1320;
				TargetAttributes = {
					C9DF707E2892E4C00030DE20 = {
						CreatedOnToolsVersion = 13.2.1;
					};
				};
			};
			buildConfigurationList = C9DF707A2892E4C00030DE20 /* Build configuration list for PBXProject "BCForward_DSW" */;
			compatibilityVersion = "Xcode 13.0";
			developmentRegion = en;
			hasScannedForEncodings = 0;
			knownRegions = (
				en,
				Base,
			);
			mainGroup = C9DF70762892E4C00030DE20;
			productRefGroup = C9DF70802892E4C00030DE20 /* Products */;
			projectDirPath = "";
			projectRoot = "";
			targets = (
				C9DF707E2892E4C00030DE20 /* BCForward_DSW */,
			);
		};
/* End PBXProject section */

/* Begin PBXResourcesBuildPhase section */
		C9DF707D2892E4C00030DE20 /* Resources */ = {
			isa = PBXResourcesBuildPhase;
			buildActionMask = 2147483647;
			files = (
				C9DF709D2892EC620030DE20 /* data.txt in Resources */,
				C9DF708F2892E4C10030DE20 /* LaunchScreen.storyboard in Resources */,
				C9DF708C2892E4C10030DE20 /* Assets.xcassets in Resources */,
				C9DF708A2892E4C00030DE20 /* Main.storyboard in Resources */,
			);
			runOnlyForDeploymentPostprocessing = 0;
		};
/* End PBXResourcesBuildPhase section */

/* Begin PBXSourcesBuildPhase section */
		C9DF707B2892E4C00030DE20 /* Sources */ = {
			isa = PBXSourcesBuildPhase;
			buildActionMask = 2147483647;
			files = (
				C9DF70872892E4C00030DE20 /* ViewController.swift in Sources */,
				C9DF70832892E4C00030DE20 /* AppDelegate.swift in Sources */,
				C9DF70852892E4C00030DE20 /* SceneDelegate.swift in Sources */,
				C9DF70992892E5580030DE20 /* Model.swift in Sources */,
				C9DF709B2892EA260030DE20 /* PriceReporter.swift in Sources */,
			);
			runOnlyForDeploymentPostprocessing = 0;
		};
/* End PBXSourcesBuildPhase section */

/* Begin PBXVariantGroup section */
		C9DF70882892E4C00030DE20 /* Main.storyboard */ = {
			isa = PBXVariantGroup;
			children = (
				C9DF70892892E4C00030DE20 /* Base */,
			);
			name = Main.storyboard;
			sourceTree = "<group>";
		};
		C9DF708D2892E4C10030DE20 /* LaunchScreen.storyboard */ = {
			isa = PBXVariantGroup;
			children = (
				C9DF708E2892E4C10030DE20 /* Base */,
			);
			name = LaunchScreen.storyboard;
			sourceTree = "<group>";
		};
/* End PBXVariantGroup section */

/* Begin XCBuildConfiguration section */
		C9DF70912892E4C10030DE20 /* Debug */ = {
			isa = XCBuildConfiguration;
			buildSettings = {
				ALWAYS_SEARCH_USER_PATHS = NO;
				CLANG_ANALYZER_NONNULL = YES;
				CLANG_ANALYZER_NUMBER_OBJECT_CONVERSION = YES_AGGRESSIVE;
				CLANG_CXX_LANGUAGE_STANDARD = "gnu++17";
				CLANG_CXX_LIBRARY = "libc++";
				CLANG_ENABLE_MODULES = YES;
				CLANG_ENABLE_OBJC_ARC = YES;
				CLANG_ENABLE_OBJC_WEAK = YES;
				CLANG_WARN_BLOCK_CAPTURE_AUTORELEASING = YES;
				CLANG_WARN_BOOL_CONVERSION = YES;
				CLANG_WARN_COMMA = YES;
				CLANG_WARN_CONSTANT_CONVERSION = YES;
				CLANG_WARN_DEPRECATED_OBJC_IMPLEMENTATIONS = YES;
				CLANG_WARN_DIRECT_OBJC_ISA_USAGE = YES_ERROR;
				CLANG_WARN_DOCUMENTATION_COMMENTS = YES;
				CLANG_WARN_EMPTY_BODY = YES;
				CLANG_WARN_ENUM_CONVERSION = YES;
				CLANG_WARN_INFINITE_RECURSION = YES;
				CLANG_WARN_INT_CONVERSION = YES;
				CLANG_WARN_NON_LITERAL_NULL_CONVERSION = YES;
				CLANG_WARN_OBJC_IMPLICIT_RETAIN_SELF = YES;
				CLANG_WARN_OBJC_LITERAL_CONVERSION = YES;
				CLANG_WARN_OBJC_ROOT_CLASS = YES_ERROR;
				CLANG_WARN_QUOTED_INCLUDE_IN_FRAMEWORK_HEADER = YES;
				CLANG_WARN_RANGE_LOOP_ANALYSIS = YES;
				CLANG_WARN_STRICT_PROTOTYPES = YES;
				CLANG_WARN_SUSPICIOUS_MOVE = YES;
				CLANG_WARN_UNGUARDED_AVAILABILITY = YES_AGGRESSIVE;
				CLANG_WARN_UNREACHABLE_CODE = YES;
				CLANG_WARN__DUPLICATE_METHOD_MATCH = YES;
				COPY_PHASE_STRIP = NO;
				DEBUG_INFORMATION_FORMAT = dwarf;
				ENABLE_STRICT_OBJC_MSGSEND = YES;
				ENABLE_TESTABILITY = YES;
				GCC_C_LANGUAGE_STANDARD = gnu11;
				GCC_DYNAMIC_NO_PIC = NO;
				GCC_NO_COMMON_BLOCKS = YES;
				GCC_OPTIMIZATION_LEVEL = 0;
				GCC_PREPROCESSOR_DEFINITIONS = (
					"DEBUG=1",
					"$(inherited)",
				);
				GCC_WARN_64_TO_32_BIT_CONVERSION = YES;
				GCC_WARN_ABOUT_RETURN_TYPE = YES_ERROR;
				GCC_WARN_UNDECLARED_SELECTOR = YES;
				GCC_WARN_UNINITIALIZED_AUTOS = YES_AGGRESSIVE;
				GCC_WARN_UNUSED_FUNCTION = YES;
				GCC_WARN_UNUSED_VARIABLE = YES;
				IPHONEOS_DEPLOYMENT_TARGET = 15.2;
				MTL_ENABLE_DEBUG_INFO = INCLUDE_SOURCE;
				MTL_FAST_MATH = YES;
				ONLY_ACTIVE_ARCH = YES;
				SDKROOT = iphoneos;
				SWIFT_ACTIVE_COMPILATION_CONDITIONS = DEBUG;
				SWIFT_OPTIMIZATION_LEVEL = "-Onone";
			};
			name = Debug;
		};
		C9DF70922892E4C10030DE20 /* Release */ = {
			isa = XCBuildConfiguration;
			buildSettings = {
				ALWAYS_SEARCH_USER_PATHS = NO;
				CLANG_ANALYZER_NONNULL = YES;
				CLANG_ANALYZER_NUMBER_OBJECT_CONVERSION = YES_AGGRESSIVE;
				CLANG_CXX_LANGUAGE_STANDARD = "gnu++17";
				CLANG_CXX_LIBRARY = "libc++";
				CLANG_ENABLE_MODULES = YES;
				CLANG_ENABLE_OBJC_ARC = YES;
				CLANG_ENABLE_OBJC_WEAK = YES;
				CLANG_WARN_BLOCK_CAPTURE_AUTORELEASING = YES;
				CLANG_WARN_BOOL_CONVERSION = YES;
				CLANG_WARN_COMMA = YES;
				CLANG_WARN_CONSTANT_CONVERSION = YES;
				CLANG_WARN_DEPRECATED_OBJC_IMPLEMENTATIONS = YES;
				CLANG_WARN_DIRECT_OBJC_ISA_USAGE = YES_ERROR;
				CLANG_WARN_DOCUMENTATION_COMMENTS = YES;
				CLANG_WARN_EMPTY_BODY = YES;
				CLANG_WARN_ENUM_CONVERSION = YES;
				CLANG_WARN_INFINITE_RECURSION = YES;
				CLANG_WARN_INT_CONVERSION = YES;
				CLANG_WARN_NON_LITERAL_NULL_CONVERSION = YES;
				CLANG_WARN_OBJC_IMPLICIT_RETAIN_SELF = YES;
				CLANG_WARN_OBJC_LITERAL_CONVERSION = YES;
				CLANG_WARN_OBJC_ROOT_CLASS = YES_ERROR;
				CLANG_WARN_QUOTED_INCLUDE_IN_FRAMEWORK_HEADER = YES;
				CLANG_WARN_RANGE_LOOP_ANALYSIS = YES;
				CLANG_WARN_STRICT_PROTOTYPES = YES;
				CLANG_WARN_SUSPICIOUS_MOVE = YES;
				CLANG_WARN_UNGUARDED_AVAILABILITY = YES_AGGRESSIVE;
				CLANG_WARN_UNREACHABLE_CODE = YES;
				CLANG_WARN__DUPLICATE_METHOD_MATCH = YES;
				COPY_PHASE_STRIP = NO;
				DEBUG_INFORMATION_FORMAT = "dwarf-with-dsym";
				ENABLE_NS_ASSERTIONS = NO;
				ENABLE_STRICT_OBJC_MSGSEND = YES;
				GCC_C_LANGUAGE_STANDARD = gnu11;
				GCC_NO_COMMON_BLOCKS = YES;
				GCC_WARN_64_TO_32_BIT_CONVERSION = YES;
				GCC_WARN_ABOUT_RETURN_TYPE = YES_ERROR;
				GCC_WARN_UNDECLARED_SELECTOR = YES;
				GCC_WARN_UNINITIALIZED_AUTOS = YES_AGGRESSIVE;
				GCC_WARN_UNUSED_FUNCTION = YES;
				GCC_WARN_UNUSED_VARIABLE = YES;
				IPHONEOS_DEPLOYMENT_TARGET = 15.2;
				MTL_ENABLE_DEBUG_INFO = NO;
				MTL_FAST_MATH = YES;
				SDKROOT = iphoneos;
				SWIFT_COMPILATION_MODE = wholemodule;
				SWIFT_OPTIMIZATION_LEVEL = "-O";
				VALIDATE_PRODUCT = YES;
			};
			name = Release;
		};
		C9DF70942892E4C10030DE20 /* Debug */ = {
			isa = XCBuildConfiguration;
			buildSettings = {
				ASSETCATALOG_COMPILER_APPICON_NAME = AppIcon;
				ASSETCATALOG_COMPILER_GLOBAL_ACCENT_COLOR_NAME = AccentColor;
				CODE_SIGN_STYLE = Automatic;
				CURRENT_PROJECT_VERSION = 1;
				DEVELOPMENT_TEAM = 64B8KQ42HL;
				GENERATE_INFOPLIST_FILE = YES;
				INFOPLIST_FILE = BCForward_DSW/Info.plist;
				INFOPLIST_KEY_UIApplicationSupportsIndirectInputEvents = YES;
				INFOPLIST_KEY_UILaunchStoryboardName = LaunchScreen;
				INFOPLIST_KEY_UIMainStoryboardFile = Main;
				INFOPLIST_KEY_UISupportedInterfaceOrientations_iPad = "UIInterfaceOrientationPortrait UIInterfaceOrientationPortraitUpsideDown UIInterfaceOrientationLandscapeLeft UIInterfaceOrientationLandscapeRight";
				INFOPLIST_KEY_UISupportedInterfaceOrientations_iPhone = "UIInterfaceOrientationPortrait UIInterfaceOrientationLandscapeLeft UIInterfaceOrientationLandscapeRight";
				LD_RUNPATH_SEARCH_PATHS = (
					"$(inherited)",
					"@executable_path/Frameworks",
				);
				MARKETING_VERSION = 1.0;
				PRODUCT_BUNDLE_IDENTIFIER = "com.darrion.BCForward-DSW";
				PRODUCT_NAME = "$(TARGET_NAME)";
				SWIFT_EMIT_LOC_STRINGS = YES;
				SWIFT_VERSION = 5.0;
				TARGETED_DEVICE_FAMILY = "1,2";
			};
			name = Debug;
		};
		C9DF70952892E4C10030DE20 /* Release */ = {
			isa = XCBuildConfiguration;
			buildSettings = {
				ASSETCATALOG_COMPILER_APPICON_NAME = AppIcon;
				ASSETCATALOG_COMPILER_GLOBAL_ACCENT_COLOR_NAME = AccentColor;
				CODE_SIGN_STYLE = Automatic;
				CURRENT_PROJECT_VERSION = 1;
				DEVELOPMENT_TEAM = 64B8KQ42HL;
				GENERATE_INFOPLIST_FILE = YES;
				INFOPLIST_FILE = BCForward_DSW/Info.plist;
				INFOPLIST_KEY_UIApplicationSupportsIndirectInputEvents = YES;
				INFOPLIST_KEY_UILaunchStoryboardName = LaunchScreen;
				INFOPLIST_KEY_UIMainStoryboardFile = Main;
				INFOPLIST_KEY_UISupportedInterfaceOrientations_iPad = "UIInterfaceOrientationPortrait UIInterfaceOrientationPortraitUpsideDown UIInterfaceOrientationLandscapeLeft UIInterfaceOrientationLandscapeRight";
				INFOPLIST_KEY_UISupportedInterfaceOrientations_iPhone = "UIInterfaceOrientationPortrait UIInterfaceOrientationLandscapeLeft UIInterfaceOrientationLandscapeRight";
				LD_RUNPATH_SEARCH_PATHS = (
					"$(inherited)",
					"@executable_path/Frameworks",
				);
				MARKETING_VERSION = 1.0;
				PRODUCT_BUNDLE_IDENTIFIER = "com.darrion.BCForward-DSW";
				PRODUCT_NAME = "$(TARGET_NAME)";
				SWIFT_EMIT_LOC_STRINGS = YES;
				SWIFT_VERSION = 5.0;
				TARGETED_DEVICE_FAMILY = "1,2";
			};
			name = Release;
		};
/* End XCBuildConfiguration section */

/* Begin XCConfigurationList section */
		C9DF707A2892E4C00030DE20 /* Build configuration list for PBXProject "BCForward_DSW" */ = {
			isa = XCConfigurationList;
			buildConfigurations = (
				C9DF70912892E4C10030DE20 /* Debug */,
				C9DF70922892E4C10030DE20 /* Release */,
			);
			defaultConfigurationIsVisible = 0;
			defaultConfigurationName = Release;
		};
		C9DF70932892E4C10030DE20 /* Build configuration list for PBXNativeTarget "BCForward_DSW" */ = {
			isa = XCConfigurationList;
			buildConfigurations = (
				C9DF70942892E4C10030DE20 /* Debug */,
				C9DF70952892E4C10030DE20 /* Release */,
			);
			defaultConfigurationIsVisible = 0;
			defaultConfigurationName = Release;
		};
/* End XCConfigurationList section */
	};
	rootObject = C9DF70772892E4C00030DE20 /* Project object */;
}
